
Microsoft Visual Studio Solution File, Format Version 12.00
# Visual Studio Version 16
VisualStudioVersion = 16.0.30621.155
MinimumVisualStudioVersion = 10.0.40219.1
Project("{9A19103F-16F7-4668-BE54-9A1E7A4F7556}") = "OdeToFood", "OdeToFood\OdeToFood.csproj", "{A3259B7D-96B6-4D57-967F-C14974084746}"
EndProject
Project("{9A19103F-16F7-4668-BE54-9A1E7A4F7556}") = "OdeToFood.Core", "OdeToFood.Core\OdeToFood.Core.csproj", "{51CB538C-4AAF-4EF2-8F89-AC2FDF39EB66}"
EndProject
Project("{9A19103F-16F7-4668-BE54-9A1E7A4F7556}") = "OdeToFood.Data", "OdeToFood.Data\OdeToFood.Data.csproj", "{51EEEB82-4C5F-4998-8A8C-E47D0BE5D97B}"
EndProject
Global
	GlobalSection(SolutionConfigurationPlatforms) = preSolution
		Debug|Any CPU = Debug|Any CPU
		Release|Any CPU = Release|Any CPU
	EndGlobalSection
	GlobalSection(ProjectConfigurationPlatforms) = postSolution
		{A3259B7D-96B6-4D57-967F-C14974084746}.Debug|Any CPU.ActiveCfg = Debug|Any CPU
		{A3259B7D-96B6-4D57-967F-C14974084746}.Debug|Any CPU.Build.0 = Debug|Any CPU
		{A3259B7D-96B6-4D57-967F-C14974084746}.Release|Any CPU.ActiveCfg = Release|Any CPU
		{A3259B7D-96B6-4D57-967F-C14974084746}.Release|Any CPU.Build.0 = Release|Any CPU
		{51CB538C-4AAF-4EF2-8F89-AC2FDF39EB66}.Debug|Any CPU.ActiveCfg = Debug|Any CPU
		{51CB538C-4AAF-4EF2-8F89-AC2FDF39EB66}.Debug|Any CPU.Build.0 = Debug|Any CPU
		{51CB538C-4AAF-4EF2-8F89-AC2FDF39EB66}.Release|Any CPU.ActiveCfg = Release|Any CPU
		{51CB538C-4AAF-4EF2-8F89-AC2FDF39EB66}.Release|Any CPU.Build.0 = Release|Any CPU
		{51EEEB82-4C5F-4998-8A8C-E47D0BE5D97B}.Debug|Any CPU.ActiveCfg = Debug|Any CPU
		{51EEEB82-4C5F-4998-8A8C-E47D0BE5D97B}.Debug|Any CPU.Build.0 = Debug|Any CPU
		{51EEEB82-4C5F-4998-8A8C-E47D0BE5D97B}.Release|Any CPU.ActiveCfg = Release|Any CPU
		{51EEEB82-4C5F-4998-8A8C-E47D0BE5D97B}.Release|Any CPU.Build.0 = Release|Any CPU
	EndGlobalSection
	GlobalSection(SolutionProperties) = preSolution
		HideSolutionNode = FALSE
	EndGlobalSection
	GlobalSection(ExtensibilityGlobals) = postSolution
		SolutionGuid = {C4436F15-5AAF-4856-A38F-9A667452B9D2}
	EndGlobalSection
EndGlobal
